
Microsoft Visual Studio Solution File, Format Version 12.00
# Visual Studio 15
VisualStudioVersion = 15.0.26730.16
MinimumVisualStudioVersion = 10.0.40219.1
Project("{FAE04EC0-301F-11D3-BF4B-00C04F79EFBC}") = "SSDF_CertificateAdmin", "SSDF_CertificateAdmin\SSDF_CertificateAdmin.csproj", "{36976F43-C320-4156-A015-824D13152DA3}"
EndProject
Global
	GlobalSection(SolutionConfigurationPlatforms) = preSolution
		Debug|Any CPU = Debug|Any CPU
		Release|Any CPU = Release|Any CPU
	EndGlobalSection
	GlobalSection(ProjectConfigurationPlatforms) = postSolution
		{36976F43-C320-4156-A015-824D13152DA3}.Debug|Any CPU.ActiveCfg = Debug|Any CPU
		{36976F43-C320-4156-A015-824D13152DA3}.Debug|Any CPU.Build.0 = Debug|Any CPU
		{36976F43-C320-4156-A015-824D13152DA3}.Release|Any CPU.ActiveCfg = Release|Any CPU
		{36976F43-C320-4156-A015-824D13152DA3}.Release|Any CPU.Build.0 = Release|Any CPU
	EndGlobalSection
	GlobalSection(SolutionProperties) = preSolution
		HideSolutionNode = FALSE
	EndGlobalSection
	GlobalSection(ExtensibilityGlobals) = postSolution
		SolutionGuid = {897CB830-69F4-4E54-ADB1-08E201EEE5B1}
	EndGlobalSection
EndGlobal
